
Microsoft Visual Studio Solution File, Format Version 12.00
# Visual Studio Version 17
VisualStudioVersion = 17.2.32317.152
MinimumVisualStudioVersion = 10.0.40219.1
Project("{9A19103F-16F7-4668-BE54-9A1E7A4F7556}") = "Papyrus", "Papyrus\Papyrus.csproj", "{862EDD5E-BE62-465E-974E-BCA401CA1AB5}"
EndProject
Project("{9A19103F-16F7-4668-BE54-9A1E7A4F7556}") = "Papyrus.Client", "Papyrus.Client\Papyrus.Client.csproj", "{329AF9FD-B34E-4100-9D8B-7096A163C4DD}"
EndProject
Project("{9A19103F-16F7-4668-BE54-9A1E7A4F7556}") = "Papyrus.DataAccess", "Papyrus.DataAccess\Papyrus.DataAccess.csproj", "{39F1681B-2B04-41B2-A89A-2B1A80BDB1CE}"
EndProject
Project("{9A19103F-16F7-4668-BE54-9A1E7A4F7556}") = "Papyrus.Logic", "Papyrus.Logic\Papyrus.Logic.csproj", "{170490EF-E1A0-4518-9343-647BD5A1129E}"
EndProject
Project("{2150E333-8FDC-42A3-9474-1A3956D46DE8}") = "Backend", "Backend", "{0BD45B80-7EF0-11EC-832C-138AF3705331}"
EndProject
Project("{2150E333-8FDC-42A3-9474-1A3956D46DE8}") = "Frontend", "Frontend", "{1A3ABA70-7EF0-11EC-832C-138AF3705331}"
EndProject
Project("{9A19103F-16F7-4668-BE54-9A1E7A4F7556}") = "Papyrus.Shared", "Papyrus.Shared\Papyrus.Shared.csproj", "{907CB599-23C2-4A05-9945-18E5362268D3}"
EndProject
Project("{9A19103F-16F7-4668-BE54-9A1E7A4F7556}") = "Papyrus.Mongo.DataAccess", "Papyrus.Mongo.DataAccess\Papyrus.Mongo.DataAccess.csproj", "{E8E3DFE7-5A66-4501-B934-2446090E3CE8}"
EndProject
Project("{9A19103F-16F7-4668-BE54-9A1E7A4F7556}") = "KarcagS.Shared", "KarcagS.Shared\KarcagS.Shared.csproj", "{D532302D-40C7-4882-B31F-EC5C4398CD06}"
EndProject
Project("{9A19103F-16F7-4668-BE54-9A1E7A4F7556}") = "KarcagS.Common", "KarcagS.Common\KarcagS.Common.csproj", "{E192CA4C-9E73-4D95-8197-03E2992BD383}"
EndProject
Project("{9A19103F-16F7-4668-BE54-9A1E7A4F7556}") = "KarcagS.Blazor.Common", "KarcagS.Blazor.Common\KarcagS.Blazor.Common.csproj", "{9FEADADA-3B69-4489-B167-DA1BE70CB1B2}"
EndProject
Global
	GlobalSection(SolutionConfigurationPlatforms) = preSolution
		Debug|Any CPU = Debug|Any CPU
		Release|Any CPU = Release|Any CPU
	EndGlobalSection
	GlobalSection(ProjectConfigurationPlatforms) = postSolution
		{862EDD5E-BE62-465E-974E-BCA401CA1AB5}.Debug|Any CPU.ActiveCfg = Debug|Any CPU
		{862EDD5E-BE62-465E-974E-BCA401CA1AB5}.Debug|Any CPU.Build.0 = Debug|Any CPU
		{862EDD5E-BE62-465E-974E-BCA401CA1AB5}.Release|Any CPU.ActiveCfg = Release|Any CPU
		{862EDD5E-BE62-465E-974E-BCA401CA1AB5}.Release|Any CPU.Build.0 = Release|Any CPU
		{329AF9FD-B34E-4100-9D8B-7096A163C4DD}.Debug|Any CPU.ActiveCfg = Debug|Any CPU
		{329AF9FD-B34E-4100-9D8B-7096A163C4DD}.Debug|Any CPU.Build.0 = Debug|Any CPU
		{329AF9FD-B34E-4100-9D8B-7096A163C4DD}.Release|Any CPU.ActiveCfg = Release|Any CPU
		{329AF9FD-B34E-4100-9D8B-7096A163C4DD}.Release|Any CPU.Build.0 = Release|Any CPU
		{39F1681B-2B04-41B2-A89A-2B1A80BDB1CE}.Debug|Any CPU.ActiveCfg = Debug|Any CPU
		{39F1681B-2B04-41B2-A89A-2B1A80BDB1CE}.Debug|Any CPU.Build.0 = Debug|Any CPU
		{39F1681B-2B04-41B2-A89A-2B1A80BDB1CE}.Release|Any CPU.ActiveCfg = Release|Any CPU
		{39F1681B-2B04-41B2-A89A-2B1A80BDB1CE}.Release|Any CPU.Build.0 = Release|Any CPU
		{170490EF-E1A0-4518-9343-647BD5A1129E}.Debug|Any CPU.ActiveCfg = Debug|Any CPU
		{170490EF-E1A0-4518-9343-647BD5A1129E}.Debug|Any CPU.Build.0 = Debug|Any CPU
		{170490EF-E1A0-4518-9343-647BD5A1129E}.Release|Any CPU.ActiveCfg = Release|Any CPU
		{170490EF-E1A0-4518-9343-647BD5A1129E}.Release|Any CPU.Build.0 = Release|Any CPU
		{907CB599-23C2-4A05-9945-18E5362268D3}.Debug|Any CPU.ActiveCfg = Debug|Any CPU
		{907CB599-23C2-4A05-9945-18E5362268D3}.Debug|Any CPU.Build.0 = Debug|Any CPU
		{907CB599-23C2-4A05-9945-18E5362268D3}.Release|Any CPU.ActiveCfg = Release|Any CPU
		{907CB599-23C2-4A05-9945-18E5362268D3}.Release|Any CPU.Build.0 = Release|Any CPU
		{E8E3DFE7-5A66-4501-B934-2446090E3CE8}.Debug|Any CPU.ActiveCfg = Debug|Any CPU
		{E8E3DFE7-5A66-4501-B934-2446090E3CE8}.Debug|Any CPU.Build.0 = Debug|Any CPU
		{E8E3DFE7-5A66-4501-B934-2446090E3CE8}.Release|Any CPU.ActiveCfg = Release|Any CPU
		{E8E3DFE7-5A66-4501-B934-2446090E3CE8}.Release|Any CPU.Build.0 = Release|Any CPU
		{D532302D-40C7-4882-B31F-EC5C4398CD06}.Debug|Any CPU.ActiveCfg = Debug|Any CPU
		{D532302D-40C7-4882-B31F-EC5C4398CD06}.Debug|Any CPU.Build.0 = Debug|Any CPU
		{D532302D-40C7-4882-B31F-EC5C4398CD06}.Release|Any CPU.ActiveCfg = Release|Any CPU
		{D532302D-40C7-4882-B31F-EC5C4398CD06}.Release|Any CPU.Build.0 = Release|Any CPU
		{E192CA4C-9E73-4D95-8197-03E2992BD383}.Debug|Any CPU.ActiveCfg = Debug|Any CPU
		{E192CA4C-9E73-4D95-8197-03E2992BD383}.Debug|Any CPU.Build.0 = Debug|Any CPU
		{E192CA4C-9E73-4D95-8197-03E2992BD383}.Release|Any CPU.ActiveCfg = Release|Any CPU
		{E192CA4C-9E73-4D95-8197-03E2992BD383}.Release|Any CPU.Build.0 = Release|Any CPU
		{9FEADADA-3B69-4489-B167-DA1BE70CB1B2}.Debug|Any CPU.ActiveCfg = Debug|Any CPU
		{9FEADADA-3B69-4489-B167-DA1BE70CB1B2}.Debug|Any CPU.Build.0 = Debug|Any CPU
		{9FEADADA-3B69-4489-B167-DA1BE70CB1B2}.Release|Any CPU.ActiveCfg = Release|Any CPU
		{9FEADADA-3B69-4489-B167-DA1BE70CB1B2}.Release|Any CPU.Build.0 = Release|Any CPU
	EndGlobalSection
	GlobalSection(SolutionProperties) = preSolution
		HideSolutionNode = FALSE
	EndGlobalSection
	GlobalSection(NestedProjects) = preSolution
		{862EDD5E-BE62-465E-974E-BCA401CA1AB5} = {0BD45B80-7EF0-11EC-832C-138AF3705331}
		{329AF9FD-B34E-4100-9D8B-7096A163C4DD} = {1A3ABA70-7EF0-11EC-832C-138AF3705331}
		{39F1681B-2B04-41B2-A89A-2B1A80BDB1CE} = {0BD45B80-7EF0-11EC-832C-138AF3705331}
		{170490EF-E1A0-4518-9343-647BD5A1129E} = {0BD45B80-7EF0-11EC-832C-138AF3705331}
		{E8E3DFE7-5A66-4501-B934-2446090E3CE8} = {0BD45B80-7EF0-11EC-832C-138AF3705331}
		{E192CA4C-9E73-4D95-8197-03E2992BD383} = {0BD45B80-7EF0-11EC-832C-138AF3705331}
		{9FEADADA-3B69-4489-B167-DA1BE70CB1B2} = {1A3ABA70-7EF0-11EC-832C-138AF3705331}
	EndGlobalSection
	GlobalSection(ExtensibilityGlobals) = postSolution
		SolutionGuid = {0793D518-B4C2-41E7-9AA5-21ECF05504C5}
	EndGlobalSection
EndGlobal
